<?xml version="1.0" encoding="utf-8"?>
<Project ToolsVersion="4.0" xmlns="http://schemas.microsoft.com/developer/msbuild/2003">
  <ItemGroup>
    <Filter Include="Manager">
      <UniqueIdentifier>{18b8b119-cc95-4ebc-86c2-d1ea9a32df3b}</UniqueIdentifier>
    </Filter>
    <Filter Include="Core">
      <UniqueIdentifier>{910e066d-c6a7-40e2-b3f9-9bd51569225f}</UniqueIdentifier>
    </Filter>
    <Filter Include="GameObject">
      <UniqueIdentifier>{c9acce55-4d1d-47eb-9519-ab684c2e67d6}</UniqueIdentifier>
    </Filter>
    <Filter Include="GameObject\Background">
      <UniqueIdentifier>{78448e8f-87f2-4834-b21b-3115c9071c72}</UniqueIdentifier>
    </Filter>
    <Filter Include="Enum">
      <UniqueIdentifier>{577fffaf-4278-42c4-84b4-aa87b5b63082}</UniqueIdentifier>
    </Filter>
  </ItemGroup>
  <ItemGroup>
    <ClCompile Include="SoundManager.cpp">
      <Filter>Manager</Filter>
    </ClCompile>
    <ClCompile Include="States.cpp">
      <Filter>Manager</Filter>
    </ClCompile>
    <ClCompile Include="StateManager.cpp">
      <Filter>Manager</Filter>
    </ClCompile>
    <ClCompile Include="TextureManager.cpp">
      <Filter>Manager</Filter>
    </ClCompile>
    <ClCompile Include="MathManager.cpp">
      <Filter>Manager</Filter>
    </ClCompile>
    <ClCompile Include="EventManager.cpp">
      <Filter>Manager</Filter>
    </ClCompile>
    <ClCompile Include="CollisionManager.cpp">
      <Filter>Manager</Filter>
    </ClCompile>
    <ClCompile Include="Main.cpp">
      <Filter>Core</Filter>
    </ClCompile>
    <ClCompile Include="Engine.cpp">
      <Filter>Core</Filter>
    </ClCompile>
    <ClCompile Include="AsteroidSprites.cpp">
      <Filter>GameObject</Filter>
    </ClCompile>
    <ClCompile Include="Button3.cpp">
      <Filter>GameObject</Filter>
    </ClCompile>
    <ClCompile Include="Primitives.cpp">
      <Filter>GameObject</Filter>
    </ClCompile>
    <ClCompile Include="Background.cpp">
      <Filter>GameObject\Background</Filter>
    </ClCompile>
    <ClCompile Include="Player.cpp">
      <Filter>GameObject</Filter>
    </ClCompile>
    <ClCompile Include="Obstacle.cpp" />
    <ClCompile Include="ObstacleManager.cpp" />
    <ClCompile Include="Timer.cpp" />
    <ClCompile Include="FontManager.cpp" />
  </ItemGroup>
  <ItemGroup>
    <ClInclude Include="TextureManager.h">
      <Filter>Manager</Filter>
    </ClInclude>
    <ClInclude Include="SoundManager.h">
      <Filter>Manager</Filter>
    </ClInclude>
    <ClInclude Include="StateManager.h">
      <Filter>Manager</Filter>
    </ClInclude>
    <ClInclude Include="States.h">
      <Filter>Manager</Filter>
    </ClInclude>
    <ClInclude Include="MathManager.h">
      <Filter>Manager</Filter>
    </ClInclude>
    <ClInclude Include="EventManager.h">
      <Filter>Manager</Filter>
    </ClInclude>
    <ClInclude Include="CollisionManager.h">
      <Filter>Manager</Filter>
    </ClInclude>
    <ClInclude Include="Engine.h">
      <Filter>Core</Filter>
    </ClInclude>
    <ClInclude Include="AsteroidSprites.h">
      <Filter>GameObject</Filter>
    </ClInclude>
    <ClInclude Include="Button3.h">
      <Filter>GameObject</Filter>
    </ClInclude>
    <ClInclude Include="GameObject.h">
      <Filter>GameObject</Filter>
    </ClInclude>
    <ClInclude Include="Primitives.h">
      <Filter>GameObject</Filter>
    </ClInclude>
    <ClInclude Include="Background.h">
      <Filter>GameObject\Background</Filter>
    </ClInclude>
    <ClInclude Include="Player.h">
      <Filter>GameObject</Filter>
    </ClInclude>
    <ClInclude Include="Obstacle.h" />
    <ClInclude Include="ObstacleManager.h" />
    <ClInclude Include="ObstacleTypes.h">
      <Filter>Enum</Filter>
    </ClInclude>
    <ClInclude Include="Timer.h" />
    <ClInclude Include="FontManager.h" />
  </ItemGroup>
</Project>